
Microsoft Visual Studio Solution File, Format Version 12.00
# Visual Studio 2012
Project("{FAE04EC0-301F-11D3-BF4B-00C04F79EFBC}") = "Battle Order", "Battle Order\Battle Order.csproj", "{C370BFD6-D647-48E0-885B-700DE6FFF171}"
EndProject
Global
	GlobalSection(SolutionConfigurationPlatforms) = preSolution
		Debug|Any CPU = Debug|Any CPU
		Release|Any CPU = Release|Any CPU
	EndGlobalSection
	GlobalSection(ProjectConfigurationPlatforms) = postSolution
		{C370BFD6-D647-48E0-885B-700DE6FFF171}.Debug|Any CPU.ActiveCfg = Debug|Any CPU
		{C370BFD6-D647-48E0-885B-700DE6FFF171}.Debug|Any CPU.Build.0 = Debug|Any CPU
		{C370BFD6-D647-48E0-885B-700DE6FFF171}.Release|Any CPU.ActiveCfg = Release|Any CPU
		{C370BFD6-D647-48E0-885B-700DE6FFF171}.Release|Any CPU.Build.0 = Release|Any CPU
	EndGlobalSection
	GlobalSection(SolutionProperties) = preSolution
		HideSolutionNode = FALSE
	EndGlobalSection
EndGlobal
